
Microsoft Visual Studio Solution File, Format Version 12.00
# Visual Studio Version 17
VisualStudioVersion = 17.10.35122.118
MinimumVisualStudioVersion = 10.0.40219.1
Project("{FAE04EC0-301F-11D3-BF4B-00C04F79EFBC}") = "FitnessTrackerAPI", "FitnessTrackerAPI\FitnessTrackerAPI.csproj", "{E68F51C8-8FCB-4B2E-8C09-8537E62021C1}"
EndProject
Global
	GlobalSection(SolutionConfigurationPlatforms) = preSolution
		Debug|Any CPU = Debug|Any CPU
		Release|Any CPU = Release|Any CPU
	EndGlobalSection
	GlobalSection(ProjectConfigurationPlatforms) = postSolution
		{E68F51C8-8FCB-4B2E-8C09-8537E62021C1}.Debug|Any CPU.ActiveCfg = Debug|Any CPU
		{E68F51C8-8FCB-4B2E-8C09-8537E62021C1}.Debug|Any CPU.Build.0 = Debug|Any CPU
		{E68F51C8-8FCB-4B2E-8C09-8537E62021C1}.Release|Any CPU.ActiveCfg = Release|Any CPU
		{E68F51C8-8FCB-4B2E-8C09-8537E62021C1}.Release|Any CPU.Build.0 = Release|Any CPU
	EndGlobalSection
	GlobalSection(SolutionProperties) = preSolution
		HideSolutionNode = FALSE
	EndGlobalSection
	GlobalSection(ExtensibilityGlobals) = postSolution
		SolutionGuid = {4CCCD769-886C-46F8-975E-19D57F85DFE7}
	EndGlobalSection
EndGlobal
